
Microsoft Visual Studio Solution File, Format Version 12.00
# Visual Studio Version 16
VisualStudioVersion = 16.0.30011.22
MinimumVisualStudioVersion = 10.0.40219.1
Project("{FAE04EC0-301F-11D3-BF4B-00C04F79EFBC}") = "WindowsFormsApp1", "WindowsFormsApp1\WindowsFormsApp1.csproj", "{247421B8-FB25-44DE-AF4B-2D7982B51C4B}"
EndProject
Global
	GlobalSection(SolutionConfigurationPlatforms) = preSolution
		Debug|Any CPU = Debug|Any CPU
		Release|Any CPU = Release|Any CPU
	EndGlobalSection
	GlobalSection(ProjectConfigurationPlatforms) = postSolution
		{247421B8-FB25-44DE-AF4B-2D7982B51C4B}.Debug|Any CPU.ActiveCfg = Debug|Any CPU
		{247421B8-FB25-44DE-AF4B-2D7982B51C4B}.Debug|Any CPU.Build.0 = Debug|Any CPU
		{247421B8-FB25-44DE-AF4B-2D7982B51C4B}.Release|Any CPU.ActiveCfg = Release|Any CPU
		{247421B8-FB25-44DE-AF4B-2D7982B51C4B}.Release|Any CPU.Build.0 = Release|Any CPU
	EndGlobalSection
	GlobalSection(SolutionProperties) = preSolution
		HideSolutionNode = FALSE
	EndGlobalSection
	GlobalSection(ExtensibilityGlobals) = postSolution
		SolutionGuid = {A2E61845-F904-4F9B-9D3A-061733637C88}
	EndGlobalSection
EndGlobal
